{
  "name": "notes-app",
  "version": "1.0.0",
  "lockfileVersion": 2,
  "requires": true,
  "packages": {
    "": {
      "name": "notes-app",
      "version": "1.0.0",
      "license": "ISC",
      "dependencies": {
        "validator": "^13.7.0"
      }
    },
    "node_modules/validator": {
      "version": "13.7.0",
      "resolved": "https://artifactory.svc.sdcid.net:443/api/npm/npm/validator/-/validator-13.7.0.tgz",
      "integrity": "sha1-T5ZYuhO6jz2C7ogdNRZInqhcCFc=",
      "license": "MIT",
      "engines": {
        "node": ">= 0.10"
      }
    }
  },
  "dependencies": {
    "validator": {
      "version": "13.7.0",
      "resolved": "https://artifactory.svc.sdcid.net:443/api/npm/npm/validator/-/validator-13.7.0.tgz",
      "integrity": "sha1-T5ZYuhO6jz2C7ogdNRZInqhcCFc="
    }
  }
}
